{
  "name": "nodetest",
  "version": "1.0.0",
  "lockfileVersion": 1,
  "requires": true,
  "dependencies": {
    "bluebird": {
      "version": "3.5.0",
      "resolved": "http://registry.npm.taobao.org/bluebird/download/bluebird-3.5.0.tgz",
      "integrity": "sha1-eRQg1/VR7qKJdFOop3ZT+WYG1nw="
    },
    "buffer-from": {
      "version": "0.1.1",
      "resolved": "http://registry.npm.taobao.org/buffer-from/download/buffer-from-0.1.1.tgz",
      "integrity": "sha1-V7GLHaChnsBvM4N6UnWiQjUb114=",
      "optional": true,
      "requires": {
        "is-array-buffer-x": "1.4.0"
      }
    },
    "core-util-is": {
      "version": "1.0.2",
      "resolved": "http://registry.npm.taobao.org/core-util-is/download/core-util-is-1.0.2.tgz",
      "integrity": "sha1-tf1UIgqivFq1eqtxQMlAdUUDwac="
    },
    "debug": {
      "version": "3.0.0",
      "resolved": "http://registry.npm.taobao.org/debug/download/debug-3.0.0.tgz",
      "integrity": "sha1-HS/q5TNJBHsIsmTsQZBroXqFFuQ=",
      "requires": {
        "ms": "2.0.0"
      }
    },
    "fs-xattr": {
      "version": "0.1.17",
      "resolved": "http://registry.npm.taobao.org/fs-xattr/download/fs-xattr-0.1.17.tgz",
      "integrity": "sha1-7pQ0g8b+lwSo8OFHboFFqYhviw8=",
      "optional": true,
      "requires": {
        "buffer-from": "0.1.1",
        "nan": "2.6.2"
      }
    },
    "ftp": {
      "version": "0.3.10",
      "resolved": "http://registry.npm.taobao.org/ftp/download/ftp-0.3.10.tgz",
      "integrity": "sha1-kZfYYa2BQvPmPVqDv+TFn3MwiF0=",
      "requires": {
        "readable-stream": "1.1.14",
        "xregexp": "2.0.0"
      }
    },
    "has-symbol-support-x": {
      "version": "1.4.0",
      "resolved": "http://registry.npm.taobao.org/has-symbol-support-x/download/has-symbol-support-x-1.4.0.tgz",
      "integrity": "sha1-RC2JsdCsbPX/L3uRbuU5hpuTolY="
    },
    "has-to-string-tag-x": {
      "version": "1.4.0",
      "resolved": "http://registry.npm.taobao.org/has-to-string-tag-x/download/has-to-string-tag-x-1.4.0.tgz",
      "integrity": "sha1-Sde83oXCQJvjisMn4+EZpFFlfHs=",
      "requires": {
        "has-symbol-support-x": "1.4.0"
      }
    },
    "inherits": {
      "version": "2.0.3",
      "resolved": "http://registry.npm.taobao.org/inherits/download/inherits-2.0.3.tgz",
      "integrity": "sha1-Yzwsg+PaQqUC9SRmAiSA9CCCYd4="
    },
    "is-array-buffer-x": {
      "version": "1.4.0",
      "resolved": "http://registry.npm.taobao.org/is-array-buffer-x/download/is-array-buffer-x-1.4.0.tgz",
      "integrity": "sha1-xGWGq0Vv3wafqf3ydganTHqHGe8=",
      "optional": true,
      "requires": {
        "has-to-string-tag-x": "1.4.0",
        "is-object-like-x": "1.5.0",
        "to-string-tag-x": "1.4.0"
      }
    },
    "is-function-x": {
      "version": "3.1.0",
      "resolved": "http://registry.npm.taobao.org/is-function-x/download/is-function-x-3.1.0.tgz",
      "integrity": "sha1-fxoONue0YBPkcYgH8KIMyHRLY6k=",
      "optional": true,
      "requires": {
        "has-to-string-tag-x": "1.4.0",
        "is-primitive": "2.0.0",
        "normalize-space-x": "1.3.2",
        "replace-comments-x": "1.0.1",
        "to-string-tag-x": "1.4.0"
      }
    },
    "is-object-like-x": {
      "version": "1.5.0",
      "resolved": "http://registry.npm.taobao.org/is-object-like-x/download/is-object-like-x-1.5.0.tgz",
      "integrity": "sha1-A20fVSD2AWeT2eSSdh1w2EUvNvA=",
      "optional": true,
      "requires": {
        "is-function-x": "3.1.0",
        "is-primitive": "2.0.0"
      }
    },
    "is-primitive": {
      "version": "2.0.0",
      "resolved": "http://registry.npm.taobao.org/is-primitive/download/is-primitive-2.0.0.tgz",
      "integrity": "sha1-IHurkWOEmcB7Kt8kCkGochADRXU="
    },
    "is-string": {
      "version": "1.0.4",
      "resolved": "http://registry.npm.taobao.org/is-string/download/is-string-1.0.4.tgz",
      "integrity": "sha1-zDqbaYV9Yh6WNyWiTK7shzuCbmQ=",
      "optional": true
    },
    "is-symbol": {
      "version": "1.0.1",
      "resolved": "http://registry.npm.taobao.org/is-symbol/download/is-symbol-1.0.1.tgz",
      "integrity": "sha1-PMWfAAJRlLarLjjbrmaJJWtmBXI="
    },
    "isarray": {
      "version": "0.0.1",
      "resolved": "http://registry.npm.taobao.org/isarray/download/isarray-0.0.1.tgz",
      "integrity": "sha1-ihis/Kmo9Bd+Cav8YDiTmwXR7t8="
    },
    "lodash.isnull": {
      "version": "3.0.0",
      "resolved": "http://registry.npm.taobao.org/lodash.isnull/download/lodash.isnull-3.0.0.tgz",
      "integrity": "sha1-+vvlnqHcon7teGU0A53YTC4HxW4="
    },
    "ms": {
      "version": "2.0.0",
      "resolved": "http://registry.npm.taobao.org/ms/download/ms-2.0.0.tgz",
      "integrity": "sha1-VgiurfwAvmwpAd9fmGF4jeDVl8g="
    },
    "nan": {
      "version": "2.6.2",
      "resolved": "http://registry.npm.taobao.org/nan/download/nan-2.6.2.tgz",
      "integrity": "sha1-5P805slf37WuzAjeZZb0NgWn20U=",
      "optional": true
    },
    "normalize-space-x": {
      "version": "1.3.2",
      "resolved": "http://registry.npm.taobao.org/normalize-space-x/download/normalize-space-x-1.3.2.tgz",
      "integrity": "sha1-9OOYSupsueJs9YQiQFGtDxgndJg=",
      "optional": true,
      "requires": {
        "trim-x": "1.0.2",
        "white-space-x": "2.0.2"
      }
    },
    "readable-stream": {
      "version": "1.1.14",
      "resolved": "http://registry.npm.taobao.org/readable-stream/download/readable-stream-1.1.14.tgz",
      "integrity": "sha1-fPTFTvZI44EwhMY23SB54WbAgdk=",
      "requires": {
        "core-util-is": "1.0.2",
        "inherits": "2.0.3",
        "isarray": "0.0.1",
        "string_decoder": "0.10.31"
      }
    },
    "replace-comments-x": {
      "version": "1.0.1",
      "resolved": "http://registry.npm.taobao.org/replace-comments-x/download/replace-comments-x-1.0.1.tgz",
      "integrity": "sha1-+8ZUzM2O9qT1F3tqN6crE6VmKAk=",
      "optional": true,
      "requires": {
        "is-string": "1.0.4"
      }
    },
    "string_decoder": {
      "version": "0.10.31",
      "resolved": "http://registry.npm.taobao.org/string_decoder/download/string_decoder-0.10.31.tgz",
      "integrity": "sha1-YuIDvEF2bGwoyfyEMB2rHFMQ+pQ="
    },
    "to-string-tag-x": {
      "version": "1.4.0",
      "resolved": "http://registry.npm.taobao.org/to-string-tag-x/download/to-string-tag-x-1.4.0.tgz",
      "integrity": "sha1-UimZDtGVMHi3ZhKuN5x9F/wzOUs=",
      "requires": {
        "lodash.isnull": "3.0.0",
        "validate.io-undefined": "1.0.3"
      }
    },
    "to-string-x": {
      "version": "1.4.0",
      "resolved": "http://registry.npm.taobao.org/to-string-x/download/to-string-x-1.4.0.tgz",
      "integrity": "sha1-ILqWObX8wFBUTRkmBHRv2CXOXFE=",
      "requires": {
        "is-symbol": "1.0.1"
      }
    },
    "trim-left-x": {
      "version": "1.3.3",
      "resolved": "http://registry.npm.taobao.org/trim-left-x/download/trim-left-x-1.3.3.tgz",
      "integrity": "sha1-4lbiSCKUke3w0ITvYwoH7whhTAA=",
      "optional": true,
      "requires": {
        "to-string-x": "1.4.0",
        "white-space-x": "2.0.2"
      }
    },
    "trim-right-x": {
      "version": "1.3.2",
      "resolved": "http://registry.npm.taobao.org/trim-right-x/download/trim-right-x-1.3.2.tgz",
      "integrity": "sha1-tEWI1ok9zqC9hbRRzRYI6URSvrA=",
      "optional": true,
      "requires": {
        "to-string-x": "1.4.0",
        "white-space-x": "2.0.2"
      }
    },
    "trim-x": {
      "version": "1.0.2",
      "resolved": "http://registry.npm.taobao.org/trim-x/download/trim-x-1.0.2.tgz",
      "integrity": "sha1-n+URzd3PzlaCWfx3sZJ/vCmafxQ=",
      "optional": true,
      "requires": {
        "trim-left-x": "1.3.3",
        "trim-right-x": "1.3.2"
      }
    },
    "validate.io-undefined": {
      "version": "1.0.3",
      "resolved": "http://registry.npm.taobao.org/validate.io-undefined/download/validate.io-undefined-1.0.3.tgz",
      "integrity": "sha1-fif8uzFbhB54JDQxiXZxkp4gt/Q="
    },
    "white-space-x": {
      "version": "2.0.2",
      "resolved": "http://registry.npm.taobao.org/white-space-x/download/white-space-x-2.0.2.tgz",
      "integrity": "sha1-jNXYhYql1c+ikBM1cYuNjor46Z0="
    },
    "xregexp": {
      "version": "2.0.0",
      "resolved": "http://registry.npm.taobao.org/xregexp/download/xregexp-2.0.0.tgz",
      "integrity": "sha1-UqY+VsoLhKfzpfPWGHLxJq16WUM="
    }
  }
}
